
Microsoft Visual Studio Solution File, Format Version 12.00
# Visual Studio Version 17
VisualStudioVersion = 17.5.002.0
MinimumVisualStudioVersion = 10.0.40219.1
Project("{9A19103F-16F7-4668-BE54-9A1E7A4F7556}") = "example-consumer-prometheus-statistic-handler", "example-consumer-prometheus-statistic-handler\example-consumer-prometheus-statistic-handler.csproj", "{9A47B135-B8E5-41D3-8C24-A613D5FFC61A}"
EndProject
Project("{9A19103F-16F7-4668-BE54-9A1E7A4F7556}") = "example-producer-prometheus-statistic-handler", "example-producer-prometheus-statistic-handler\example-producer-prometheus-statistic-handler.csproj", "{E12E2C0C-D79F-4C25-84D7-FD144E179DFA}"
EndProject
Global
	GlobalSection(SolutionConfigurationPlatforms) = preSolution
		Debug|Any CPU = Debug|Any CPU
		Release|Any CPU = Release|Any CPU
	EndGlobalSection
	GlobalSection(ProjectConfigurationPlatforms) = postSolution
		{9A47B135-B8E5-41D3-8C24-A613D5FFC61A}.Debug|Any CPU.ActiveCfg = Debug|Any CPU
		{9A47B135-B8E5-41D3-8C24-A613D5FFC61A}.Debug|Any CPU.Build.0 = Debug|Any CPU
		{9A47B135-B8E5-41D3-8C24-A613D5FFC61A}.Release|Any CPU.ActiveCfg = Release|Any CPU
		{9A47B135-B8E5-41D3-8C24-A613D5FFC61A}.Release|Any CPU.Build.0 = Release|Any CPU
		{E12E2C0C-D79F-4C25-84D7-FD144E179DFA}.Debug|Any CPU.ActiveCfg = Debug|Any CPU
		{E12E2C0C-D79F-4C25-84D7-FD144E179DFA}.Debug|Any CPU.Build.0 = Debug|Any CPU
		{E12E2C0C-D79F-4C25-84D7-FD144E179DFA}.Release|Any CPU.ActiveCfg = Release|Any CPU
		{E12E2C0C-D79F-4C25-84D7-FD144E179DFA}.Release|Any CPU.Build.0 = Release|Any CPU
	EndGlobalSection
	GlobalSection(SolutionProperties) = preSolution
		HideSolutionNode = FALSE
	EndGlobalSection
	GlobalSection(ExtensibilityGlobals) = postSolution
		SolutionGuid = {789388B4-4F44-4D1D-8BD6-399DFE193A04}
	EndGlobalSection
EndGlobal
